<?xml version="1.0" encoding="utf-8"?>
<Project ToolsVersion="4.0" xmlns="http://schemas.microsoft.com/developer/msbuild/2003">
  <ItemGroup>
    <Filter Include="Source Files">
      <UniqueIdentifier>{4FC737F1-C7A5-4376-A066-2A32D752A2FF}</UniqueIdentifier>
      <Extensions>cpp;c;cc;cxx;c++;def;odl;idl;hpj;bat;asm;asmx</Extensions>
    </Filter>
    <Filter Include="Header Files">
      <UniqueIdentifier>{93995380-89BD-4b04-88EB-625FBE52EBFB}</UniqueIdentifier>
      <Extensions>h;hh;hpp;hxx;h++;hm;inl;inc;ipp;xsd</Extensions>
    </Filter>
    <Filter Include="Resource Files">
      <UniqueIdentifier>{67DA6AB6-F800-4c08-8B7A-83BB121AAD01}</UniqueIdentifier>
      <Extensions>rc;ico;cur;bmp;dlg;rc2;rct;bin;rgs;gif;jpg;jpeg;jpe;resx;tiff;tif;png;wav;mfcribbon-ms</Extensions>
    </Filter>
  </ItemGroup>
  <ItemGroup>
    <ClInclude Include="Camera.h">
      <Filter>Header Files</Filter>
    </ClInclude>
    <ClInclude Include="Client.h">
      <Filter>Header Files</Filter>
    </ClInclude>
    <ClInclude Include="Constants.h">
      <Filter>Header Files</Filter>
    </ClInclude>
    <ClInclude Include="Core.h">
      <Filter>Header Files</Filter>
    </ClInclude>
    <ClInclude Include="Drawable.h">
      <Filter>Header Files</Filter>
    </ClInclude>
    <ClInclude Include="Ground.h">
      <Filter>Header Files</Filter>
    </ClInclude>
    <ClInclude Include="Model.h">
      <Filter>Header Files</Filter>
    </ClInclude>
    <ClInclude Include="Scene.h">
      <Filter>Header Files</Filter>
    </ClInclude>
    <ClInclude Include="SceneNode.h">
      <Filter>Header Files</Filter>
    </ClInclude>
    <ClInclude Include="Shader.h">
      <Filter>Header Files</Filter>
    </ClInclude>
    <ClInclude Include="stb_image.h">
      <Filter>Header Files</Filter>
    </ClInclude>
    <ClInclude Include="AudioEngine.h">
      <Filter>Header Files</Filter>
    </ClInclude>
    <ClInclude Include="NetworkClient.h">
      <Filter>Header Files</Filter>
    </ClInclude>
    <ClInclude Include="AssimpMesh.h">
      <Filter>Header Files</Filter>
    </ClInclude>
    <ClInclude Include="AssimpModel.h">
      <Filter>Header Files</Filter>
    </ClInclude>
    <ClInclude Include="AnimatedAssimpModel.h">
      <Filter>Header Files</Filter>
    </ClInclude>
    <ClInclude Include="Particle.h">
      <Filter>Header Files</Filter>
    </ClInclude>
    <ClInclude Include="ParticleGroup.h">
      <Filter>Header Files</Filter>
    </ClInclude>
    <ClInclude Include="ParticleFactory.hpp">
      <Filter>Header Files</Filter>
    </ClInclude>
    <ClInclude Include="Skybox.h">
      <Filter>Header Files</Filter>
    </ClInclude>
    <ClInclude Include="Cube.h">
      <Filter>Header Files</Filter>
    </ClInclude>
    <ClInclude Include="Image2d.h">
      <Filter>Header Files</Filter>
    </ClInclude>
    <ClInclude Include="HealthBar.h">
      <Filter>Header Files</Filter>
    </ClInclude>
    <ClInclude Include="PlayerController.hpp">
      <Filter>Header Files</Filter>
    </ClInclude>
    <ClInclude Include="ZombieController.hpp">
      <Filter>Header Files</Filter>
    </ClInclude>
    <ClInclude Include="BaseController.hpp">
      <Filter>Header Files</Filter>
    </ClInclude>
    <ClInclude Include="PlantController.hpp">
      <Filter>Header Files</Filter>
    </ClInclude>
    <ClInclude Include="TapController.hpp">
      <Filter>Header Files</Filter>
    </ClInclude>
    <ClInclude Include="ToolController.hpp">
      <Filter>Header Files</Filter>
    </ClInclude>
    <ClInclude Include="RenderController.hpp">
      <Filter>Header Files</Filter>
    </ClInclude>
    <ClInclude Include="CactusBulletController.hpp">
      <Filter>Header Files</Filter>
    </ClInclude>
    <ClInclude Include="ChooseLobby.h">
      <Filter>Header Files</Filter>
    </ClInclude>
    <ClInclude Include="TextUI.h">
      <Filter>Header Files</Filter>
    </ClInclude>
    <ClInclude Include="ChooseLevel.h">
      <Filter>Header Files</Filter>
    </ClInclude>
  </ItemGroup>
  <ItemGroup>
    <ClCompile Include="Camera.cpp">
      <Filter>Source Files</Filter>
    </ClCompile>
    <ClCompile Include="Client.cpp">
      <Filter>Source Files</Filter>
    </ClCompile>
    <ClCompile Include="Ground.cpp">
      <Filter>Source Files</Filter>
    </ClCompile>
    <ClCompile Include="main.cpp">
      <Filter>Source Files</Filter>
    </ClCompile>
    <ClCompile Include="Model.cpp">
      <Filter>Source Files</Filter>
    </ClCompile>
    <ClCompile Include="Scene.cpp">
      <Filter>Source Files</Filter>
    </ClCompile>
    <ClCompile Include="SceneNode.cpp">
      <Filter>Source Files</Filter>
    </ClCompile>
    <ClCompile Include="Shader.cpp">
      <Filter>Source Files</Filter>
    </ClCompile>
    <ClCompile Include="AudioEngine.cpp">
      <Filter>Source Files</Filter>
    </ClCompile>
    <ClCompile Include="NetworkClient.cpp">
      <Filter>Source Files</Filter>
    </ClCompile>
    <ClCompile Include="AssimpMesh.cpp">
      <Filter>Source Files</Filter>
    </ClCompile>
    <ClCompile Include="AssimpModel.cpp">
      <Filter>Source Files</Filter>
    </ClCompile>
    <ClCompile Include="AnimatedAssimpModel.cpp">
      <Filter>Source Files</Filter>
    </ClCompile>
    <ClCompile Include="Particle.cpp">
      <Filter>Source Files</Filter>
    </ClCompile>
    <ClCompile Include="ParticleGroup.cpp">
      <Filter>Source Files</Filter>
    </ClCompile>
    <ClCompile Include="Skybox.cpp">
      <Filter>Source Files</Filter>
    </ClCompile>
    <ClCompile Include="Image2d.cpp">
      <Filter>Source Files</Filter>
    </ClCompile>
    <ClCompile Include="ServerParams.cpp">
      <Filter>Source Files</Filter>
    </ClCompile>
    <ClCompile Include="HealthBar.cpp">
      <Filter>Source Files</Filter>
    </ClCompile>
    <ClCompile Include="ChooseLobby.cpp">
      <Filter>Source Files</Filter>
    </ClCompile>
    <ClCompile Include="TextUI.cpp">
      <Filter>Source Files</Filter>
    </ClCompile>
    <ClCompile Include="ChooseLevel.cpp">
      <Filter>Source Files</Filter>
    </ClCompile>
  </ItemGroup>
  <ItemGroup>
    <None Include="Model.glsl">
      <Filter>Resource Files</Filter>
    </None>
    <None Include="AssimpModel.glsl">
      <Filter>Resource Files</Filter>
    </None>
    <None Include="AnimatedAssimpModel.glsl">
      <Filter>Resource Files</Filter>
    </None>
    <None Include="Particle.glsl">
      <Filter>Resource Files</Filter>
    </None>
    <None Include="Skybox.glsl">
      <Filter>Resource Files</Filter>
    </None>
    <None Include="UI.glsl">
      <Filter>Resource Files</Filter>
    </None>
    <None Include="HealthBar.glsl">
      <Filter>Resource Files</Filter>
    </None>
    <None Include="TextUI.glsl">
      <Filter>Resource Files</Filter>
    </None>
  </ItemGroup>
  <ItemGroup>
    <Image Include="texture\default_texture.png">
      <Filter>Resource Files</Filter>
    </Image>
    <Image Include="texture\grass_texture.jpg">
      <Filter>Resource Files</Filter>
    </Image>
    <Image Include="texture\water_texture.jpg">
      <Filter>Resource Files</Filter>
    </Image>
  </ItemGroup>
</Project>